// !$*UTF8*$!
{
	archiveVersion = 1;
	classes = {
	};
	objectVersion = 50;
	objects = {

/* Begin PBXBuildFile section */
		9FD16B1A22497EEB003B62FA /* AppDelegate.swift in Sources */ = {isa = PBXBuildFile; fileRef = 9FD16B1922497EEB003B62FA /* AppDelegate.swift */; };
		9FD16B1C22497EEB003B62FA /* ViewController.swift in Sources */ = {isa = PBXBuildFile; fileRef = 9FD16B1B22497EEB003B62FA /* ViewController.swift */; };
		9FD16B1F22497EEB003B62FA /* Main.storyboard in Resources */ = {isa = PBXBuildFile; fileRef = 9FD16B1D22497EEB003B62FA /* Main.storyboard */; };
		9FD16B2122497EEC003B62FA /* Assets.xcassets in Resources */ = {isa = PBXBuildFile; fileRef = 9FD16B2022497EEC003B62FA /* Assets.xcassets */; };
		9FD16B2422497EEC003B62FA /* LaunchScreen.storyboard in Resources */ = {isa = PBXBuildFile; fileRef = 9FD16B2222497EEC003B62FA /* LaunchScreen.storyboard */; };
		9FD16B2F22497EED003B62FA /* JenkinsTest1Tests.swift in Sources */ = {isa = PBXBuildFile; fileRef = 9FD16B2E22497EED003B62FA /* JenkinsTest1Tests.swift */; };
		9FD16B3A22497EED003B62FA /* JenkinsTest1UITests.swift in Sources */ = {isa = PBXBuildFile; fileRef = 9FD16B3922497EED003B62FA /* JenkinsTest1UITests.swift */; };
/* End PBXBuildFile section */

/* Begin PBXContainerItemProxy section */
		9FD16B2B22497EED003B62FA /* PBXContainerItemProxy */ = {
			isa = PBXContainerItemProxy;
			containerPortal = 9FD16B0E22497EEB003B62FA /* Project object */;
			proxyType = 1;
			remoteGlobalIDString = 9FD16B1522497EEB003B62FA;
			remoteInfo = JenkinsTest1;
		};
		9FD16B3622497EED003B62FA /* PBXContainerItemProxy */ = {
			isa = PBXContainerItemProxy;
			containerPortal = 9FD16B0E22497EEB003B62FA /* Project object */;
			proxyType = 1;
			remoteGlobalIDString = 9FD16B1522497EEB003B62FA;
			remoteInfo = JenkinsTest1;
		};
/* End PBXContainerItemProxy section */

/* Begin PBXFileReference section */
		9FD16B1622497EEB003B62FA /* JenkinsTest1.app */ = {isa = PBXFileReference; explicitFileType = wrapper.application; includeInIndex = 0; path = JenkinsTest1.app; sourceTree = BUILT_PRODUCTS_DIR; };
		9FD16B1922497EEB003B62FA /* AppDelegate.swift */ = {isa = PBXFileReference; lastKnownFileType = sourcecode.swift; path = AppDelegate.swift; sourceTree = "<group>"; };
		9FD16B1B22497EEB003B62FA /* ViewController.swift */ = {isa = PBXFileReference; lastKnownFileType = sourcecode.swift; path = ViewController.swift; sourceTree = "<group>"; };
		9FD16B1E22497EEB003B62FA /* Base */ = {isa = PBXFileReference; lastKnownFileType = file.storyboard; name = Base; path = Base.lproj/Main.storyboard; sourceTree = "<group>"; };
		9FD16B2022497EEC003B62FA /* Assets.xcassets */ = {isa = PBXFileReference; lastKnownFileType = folder.assetcatalog; path = Assets.xcassets; sourceTree = "<group>"; };
		9FD16B2322497EEC003B62FA /* Base */ = {isa = PBXFileReference; lastKnownFileType = file.storyboard; name = Base; path = Base.lproj/LaunchScreen.storyboard; sourceTree = "<group>"; };
		9FD16B2522497EEC003B62FA /* Info.plist */ = {isa = PBXFileReference; lastKnownFileType = text.plist.xml; path = Info.plist; sourceTree = "<group>"; };
		9FD16B2A22497EED003B62FA /* JenkinsTest1Tests.xctest */ = {isa = PBXFileReference; explicitFileType = wrapper.cfbundle; includeInIndex = 0; path = JenkinsTest1Tests.xctest; sourceTree = BUILT_PRODUCTS_DIR; };
		9FD16B2E22497EED003B62FA /* JenkinsTest1Tests.swift */ = {isa = PBXFileReference; lastKnownFileType = sourcecode.swift; path = JenkinsTest1Tests.swift; sourceTree = "<group>"; };
		9FD16B3022497EED003B62FA /* Info.plist */ = {isa = PBXFileReference; lastKnownFileType = text.plist.xml; path = Info.plist; sourceTree = "<group>"; };
		9FD16B3522497EED003B62FA /* JenkinsTest1UITests.xctest */ = {isa = PBXFileReference; explicitFileType = wrapper.cfbundle; includeInIndex = 0; path = JenkinsTest1UITests.xctest; sourceTree = BUILT_PRODUCTS_DIR; };
		9FD16B3922497EED003B62FA /* JenkinsTest1UITests.swift */ = {isa = PBXFileReference; lastKnownFileType = sourcecode.swift; path = JenkinsTest1UITests.swift; sourceTree = "<group>"; };
		9FD16B3B22497EED003B62FA /* Info.plist */ = {isa = PBXFileReference; lastKnownFileType = text.plist.xml; path = Info.plist; sourceTree = "<group>"; };
/* End PBXFileReference section */

/* Begin PBXFrameworksBuildPhase section */
		9FD16B1322497EEB003B62FA /* Frameworks */ = {
			isa = PBXFrameworksBuildPhase;
			buildActionMask = 2147483647;
			files = (
			);
			runOnlyForDeploymentPostprocessing = 0;
		};
		9FD16B2722497EED003B62FA /* Frameworks */ = {
			isa = PBXFrameworksBuildPhase;
			buildActionMask = 2147483647;
			files = (
			);
			runOnlyForDeploymentPostprocessing = 0;
		};
		9FD16B3222497EED003B62FA /* Frameworks */ = {
			isa = PBXFrameworksBuildPhase;
			buildActionMask = 2147483647;
			files = (
			);
			runOnlyForDeploymentPostprocessing = 0;
		};
/* End PBXFrameworksBuildPhase section */

/* Begin PBXGroup section */
		9FD16B0D22497EEB003B62FA = {
			isa = PBXGroup;
			children = (
				9FD16B1822497EEB003B62FA /* JenkinsTest1 */,
				9FD16B2D22497EED003B62FA /* JenkinsTest1Tests */,
				9FD16B3822497EED003B62FA /* JenkinsTest1UITests */,
				9FD16B1722497EEB003B62FA /* Products */,
			);
			sourceTree = "<group>";
		};
		9FD16B1722497EEB003B62FA /* Products */ = {
			isa = PBXGroup;
			children = (
				9FD16B1622497EEB003B62FA /* JenkinsTest1.app */,
				9FD16B2A22497EED003B62FA /* JenkinsTest1Tests.xctest */,
				9FD16B3522497EED003B62FA /* JenkinsTest1UITests.xctest */,
			);
			name = Products;
			sourceTree = "<group>";
		};
		9FD16B1822497EEB003B62FA /* JenkinsTest1 */ = {
			isa = PBXGroup;
			children = (
				9FD16B1922497EEB003B62FA /* AppDelegate.swift */,
				9FD16B1B22497EEB003B62FA /* ViewController.swift */,
				9FD16B1D22497EEB003B62FA /* Main.storyboard */,
				9FD16B2022497EEC003B62FA /* Assets.xcassets */,
				9FD16B2222497EEC003B62FA /* LaunchScreen.storyboard */,
				9FD16B2522497EEC003B62FA /* Info.plist */,
			);
			path = JenkinsTest1;
			sourceTree = "<group>";
		};
		9FD16B2D22497EED003B62FA /* JenkinsTest1Tests */ = {
			isa = PBXGroup;
			children = (
				9FD16B2E22497EED003B62FA /* JenkinsTest1Tests.swift */,
				9FD16B3022497EED003B62FA /* Info.plist */,
			);
			path = JenkinsTest1Tests;
			sourceTree = "<group>";
		};
		9FD16B3822497EED003B62FA /* JenkinsTest1UITests */ = {
			isa = PBXGroup;
			children = (
				9FD16B3922497EED003B62FA /* JenkinsTest1UITests.swift */,
				9FD16B3B22497EED003B62FA /* Info.plist */,
			);
			path = JenkinsTest1UITests;
			sourceTree = "<group>";
		};
/* End PBXGroup section */

/* Begin PBXNativeTarget section */
		9FD16B1522497EEB003B62FA /* JenkinsTest1 */ = {
			isa = PBXNativeTarget;
			buildConfigurationList = 9FD16B3E22497EED003B62FA /* Build configuration list for PBXNativeTarget "JenkinsTest1" */;
			buildPhases = (
				9FD16B1222497EEB003B62FA /* Sources */,
				9FD16B1322497EEB003B62FA /* Frameworks */,
				9FD16B1422497EEB003B62FA /* Resources */,
			);
			buildRules = (
			);
			dependencies = (
			);
			name = JenkinsTest1;
			productName = JenkinsTest1;
			productReference = 9FD16B1622497EEB003B62FA /* JenkinsTest1.app */;
			productType = "com.apple.product-type.application";
		};
		9FD16B2922497EED003B62FA /* JenkinsTest1Tests */ = {
			isa = PBXNativeTarget;
			buildConfigurationList = 9FD16B4122497EED003B62FA /* Build configuration list for PBXNativeTarget "JenkinsTest1Tests" */;
			buildPhases = (
				9FD16B2622497EED003B62FA /* Sources */,
				9FD16B2722497EED003B62FA /* Frameworks */,
				9FD16B2822497EED003B62FA /* Resources */,
			);
			buildRules = (
			);
			dependencies = (
				9FD16B2C22497EED003B62FA /* PBXTargetDependency */,
			);
			name = JenkinsTest1Tests;
			productName = JenkinsTest1Tests;
			productReference = 9FD16B2A22497EED003B62FA /* JenkinsTest1Tests.xctest */;
			productType = "com.apple.product-type.bundle.unit-test";
		};
		9FD16B3422497EED003B62FA /* JenkinsTest1UITests */ = {
			isa = PBXNativeTarget;
			buildConfigurationList = 9FD16B4422497EED003B62FA /* Build configuration list for PBXNativeTarget "JenkinsTest1UITests" */;
			buildPhases = (
				9FD16B3122497EED003B62FA /* Sources */,
				9FD16B3222497EED003B62FA /* Frameworks */,
				9FD16B3322497EED003B62FA /* Resources */,
			);
			buildRules = (
			);
			dependencies = (
				9FD16B3722497EED003B62FA /* PBXTargetDependency */,
			);
			name = JenkinsTest1UITests;
			productName = JenkinsTest1UITests;
			productReference = 9FD16B3522497EED003B62FA /* JenkinsTest1UITests.xctest */;
			productType = "com.apple.product-type.bundle.ui-testing";
		};
/* End PBXNativeTarget section */

/* Begin PBXProject section */
		9FD16B0E22497EEB003B62FA /* Project object */ = {
			isa = PBXProject;
			attributes = {
				LastSwiftUpdateCheck = 1010;
				LastUpgradeCheck = 1010;
				ORGANIZATIONNAME = Kiran;
				TargetAttributes = {
					9FD16B1522497EEB003B62FA = {
						CreatedOnToolsVersion = 10.1;
					};
					9FD16B2922497EED003B62FA = {
						CreatedOnToolsVersion = 10.1;
						TestTargetID = 9FD16B1522497EEB003B62FA;
					};
					9FD16B3422497EED003B62FA = {
						CreatedOnToolsVersion = 10.1;
						TestTargetID = 9FD16B1522497EEB003B62FA;
					};
				};
			};
			buildConfigurationList = 9FD16B1122497EEB003B62FA /* Build configuration list for PBXProject "JenkinsTest1" */;
			compatibilityVersion = "Xcode 9.3";
			developmentRegion = en;
			hasScannedForEncodings = 0;
			knownRegions = (
				en,
				Base,
			);
			mainGroup = 9FD16B0D22497EEB003B62FA;
			productRefGroup = 9FD16B1722497EEB003B62FA /* Products */;
			projectDirPath = "";
			projectRoot = "";
			targets = (
				9FD16B1522497EEB003B62FA /* JenkinsTest1 */,
				9FD16B2922497EED003B62FA /* JenkinsTest1Tests */,
				9FD16B3422497EED003B62FA /* JenkinsTest1UITests */,
			);
		};
/* End PBXProject section */

/* Begin PBXResourcesBuildPhase section */
		9FD16B1422497EEB003B62FA /* Resources */ = {
			isa = PBXResourcesBuildPhase;
			buildActionMask = 2147483647;
			files = (
				9FD16B2422497EEC003B62FA /* LaunchScreen.storyboard in Resources */,
				9FD16B2122497EEC003B62FA /* Assets.xcassets in Resources */,
				9FD16B1F22497EEB003B62FA /* Main.storyboard in Resources */,
			);
			runOnlyForDeploymentPostprocessing = 0;
		};
		9FD16B2822497EED003B62FA /* Resources */ = {
			isa = PBXResourcesBuildPhase;
			buildActionMask = 2147483647;
			files = (
			);
			runOnlyForDeploymentPostprocessing = 0;
		};
		9FD16B3322497EED003B62FA /* Resources */ = {
			isa = PBXResourcesBuildPhase;
			buildActionMask = 2147483647;
			files = (
			);
			runOnlyForDeploymentPostprocessing = 0;
		};
/* End PBXResourcesBuildPhase section */

/* Begin PBXSourcesBuildPhase section */
		9FD16B1222497EEB003B62FA /* Sources */ = {
			isa = PBXSourcesBuildPhase;
			buildActionMask = 2147483647;
			files = (
				9FD16B1C22497EEB003B62FA /* ViewController.swift in Sources */,
				9FD16B1A22497EEB003B62FA /* AppDelegate.swift in Sources */,
			);
			runOnlyForDeploymentPostprocessing = 0;
		};
		9FD16B2622497EED003B62FA /* Sources */ = {
			isa = PBXSourcesBuildPhase;
			buildActionMask = 2147483647;
			files = (
				9FD16B2F22497EED003B62FA /* JenkinsTest1Tests.swift in Sources */,
			);
			runOnlyForDeploymentPostprocessing = 0;
		};
		9FD16B3122497EED003B62FA /* Sources */ = {
			isa = PBXSourcesBuildPhase;
			buildActionMask = 2147483647;
			files = (
				9FD16B3A22497EED003B62FA /* JenkinsTest1UITests.swift in Sources */,
			);
			runOnlyForDeploymentPostprocessing = 0;
		};
/* End PBXSourcesBuildPhase section */

/* Begin PBXTargetDependency section */
		9FD16B2C22497EED003B62FA /* PBXTargetDependency */ = {
			isa = PBXTargetDependency;
			target = 9FD16B1522497EEB003B62FA /* JenkinsTest1 */;
			targetProxy = 9FD16B2B22497EED003B62FA /* PBXContainerItemProxy */;
		};
		9FD16B3722497EED003B62FA /* PBXTargetDependency */ = {
			isa = PBXTargetDependency;
			target = 9FD16B1522497EEB003B62FA /* JenkinsTest1 */;
			targetProxy = 9FD16B3622497EED003B62FA /* PBXContainerItemProxy */;
		};
/* End PBXTargetDependency section */

/* Begin PBXVariantGroup section */
		9FD16B1D22497EEB003B62FA /* Main.storyboard */ = {
			isa = PBXVariantGroup;
			children = (
				9FD16B1E22497EEB003B62FA /* Base */,
			);
			name = Main.storyboard;
			sourceTree = "<group>";
		};
		9FD16B2222497EEC003B62FA /* LaunchScreen.storyboard */ = {
			isa = PBXVariantGroup;
			children = (
				9FD16B2322497EEC003B62FA /* Base */,
			);
			name = LaunchScreen.storyboard;
			sourceTree = "<group>";
		};
/* End PBXVariantGroup section */

/* Begin XCBuildConfiguration section */
		9FD16B3C22497EED003B62FA /* Debug */ = {
			isa = XCBuildConfiguration;
			buildSettings = {
				ALWAYS_SEARCH_USER_PATHS = NO;
				CLANG_ANALYZER_NONNULL = YES;
				CLANG_ANALYZER_NUMBER_OBJECT_CONVERSION = YES_AGGRESSIVE;
				CLANG_CXX_LANGUAGE_STANDARD = "gnu++14";
				CLANG_CXX_LIBRARY = "libc++";
				CLANG_ENABLE_MODULES = YES;
				CLANG_ENABLE_OBJC_ARC = YES;
				CLANG_ENABLE_OBJC_WEAK = YES;
				CLANG_WARN_BLOCK_CAPTURE_AUTORELEASING = YES;
				CLANG_WARN_BOOL_CONVERSION = YES;
				CLANG_WARN_COMMA = YES;
				CLANG_WARN_CONSTANT_CONVERSION = YES;
				CLANG_WARN_DEPRECATED_OBJC_IMPLEMENTATIONS = YES;
				CLANG_WARN_DIRECT_OBJC_ISA_USAGE = YES_ERROR;
				CLANG_WARN_DOCUMENTATION_COMMENTS = YES;
				CLANG_WARN_EMPTY_BODY = YES;
				CLANG_WARN_ENUM_CONVERSION = YES;
				CLANG_WARN_INFINITE_RECURSION = YES;
				CLANG_WARN_INT_CONVERSION = YES;
				CLANG_WARN_NON_LITERAL_NULL_CONVERSION = YES;
				CLANG_WARN_OBJC_IMPLICIT_RETAIN_SELF = YES;
				CLANG_WARN_OBJC_LITERAL_CONVERSION = YES;
				CLANG_WARN_OBJC_ROOT_CLASS = YES_ERROR;
				CLANG_WARN_RANGE_LOOP_ANALYSIS = YES;
				CLANG_WARN_STRICT_PROTOTYPES = YES;
				CLANG_WARN_SUSPICIOUS_MOVE = YES;
				CLANG_WARN_UNGUARDED_AVAILABILITY = YES_AGGRESSIVE;
				CLANG_WARN_UNREACHABLE_CODE = YES;
				CLANG_WARN__DUPLICATE_METHOD_MATCH = YES;
				CODE_SIGN_IDENTITY = "iPhone Developer";
				COPY_PHASE_STRIP = NO;
				DEBUG_INFORMATION_FORMAT = dwarf;
				ENABLE_STRICT_OBJC_MSGSEND = YES;
				ENABLE_TESTABILITY = YES;
				GCC_C_LANGUAGE_STANDARD = gnu11;
				GCC_DYNAMIC_NO_PIC = NO;
				GCC_NO_COMMON_BLOCKS = YES;
				GCC_OPTIMIZATION_LEVEL = 0;
				GCC_PREPROCESSOR_DEFINITIONS = (
					"DEBUG=1",
					"$(inherited)",
				);
				GCC_WARN_64_TO_32_BIT_CONVERSION = YES;
				GCC_WARN_ABOUT_RETURN_TYPE = YES_ERROR;
				GCC_WARN_UNDECLARED_SELECTOR = YES;
				GCC_WARN_UNINITIALIZED_AUTOS = YES_AGGRESSIVE;
				GCC_WARN_UNUSED_FUNCTION = YES;
				GCC_WARN_UNUSED_VARIABLE = YES;
				IPHONEOS_DEPLOYMENT_TARGET = 12.1;
				MTL_ENABLE_DEBUG_INFO = INCLUDE_SOURCE;
				MTL_FAST_MATH = YES;
				ONLY_ACTIVE_ARCH = YES;
				SDKROOT = iphoneos;
				SWIFT_ACTIVE_COMPILATION_CONDITIONS = DEBUG;
				SWIFT_OPTIMIZATION_LEVEL = "-Onone";
			};
			name = Debug;
		};
		9FD16B3D22497EED003B62FA /* Release */ = {
			isa = XCBuildConfiguration;
			buildSettings = {
				ALWAYS_SEARCH_USER_PATHS = NO;
				CLANG_ANALYZER_NONNULL = YES;
				CLANG_ANALYZER_NUMBER_OBJECT_CONVERSION = YES_AGGRESSIVE;
				CLANG_CXX_LANGUAGE_STANDARD = "gnu++14";
				CLANG_CXX_LIBRARY = "libc++";
				CLANG_ENABLE_MODULES = YES;
				CLANG_ENABLE_OBJC_ARC = YES;
				CLANG_ENABLE_OBJC_WEAK = YES;
				CLANG_WARN_BLOCK_CAPTURE_AUTORELEASING = YES;
				CLANG_WARN_BOOL_CONVERSION = YES;
				CLANG_WARN_COMMA = YES;
				CLANG_WARN_CONSTANT_CONVERSION = YES;
				CLANG_WARN_DEPRECATED_OBJC_IMPLEMENTATIONS = YES;
				CLANG_WARN_DIRECT_OBJC_ISA_USAGE = YES_ERROR;
				CLANG_WARN_DOCUMENTATION_COMMENTS = YES;
				CLANG_WARN_EMPTY_BODY = YES;
				CLANG_WARN_ENUM_CONVERSION = YES;
				CLANG_WARN_INFINITE_RECURSION = YES;
				CLANG_WARN_INT_CONVERSION = YES;
				CLANG_WARN_NON_LITERAL_NULL_CONVERSION = YES;
				CLANG_WARN_OBJC_IMPLICIT_RETAIN_SELF = YES;
				CLANG_WARN_OBJC_LITERAL_CONVERSION = YES;
				CLANG_WARN_OBJC_ROOT_CLASS = YES_ERROR;
				CLANG_WARN_RANGE_LOOP_ANALYSIS = YES;
				CLANG_WARN_STRICT_PROTOTYPES = YES;
				CLANG_WARN_SUSPICIOUS_MOVE = YES;
				CLANG_WARN_UNGUARDED_AVAILABILITY = YES_AGGRESSIVE;
				CLANG_WARN_UNREACHABLE_CODE = YES;
				CLANG_WARN__DUPLICATE_METHOD_MATCH = YES;
				CODE_SIGN_IDENTITY = "iPhone Developer";
				COPY_PHASE_STRIP = NO;
				DEBUG_INFORMATION_FORMAT = "dwarf-with-dsym";
				ENABLE_NS_ASSERTIONS = NO;
				ENABLE_STRICT_OBJC_MSGSEND = YES;
				GCC_C_LANGUAGE_STANDARD = gnu11;
				GCC_NO_COMMON_BLOCKS = YES;
				GCC_WARN_64_TO_32_BIT_CONVERSION = YES;
				GCC_WARN_ABOUT_RETURN_TYPE = YES_ERROR;
				GCC_WARN_UNDECLARED_SELECTOR = YES;
				GCC_WARN_UNINITIALIZED_AUTOS = YES_AGGRESSIVE;
				GCC_WARN_UNUSED_FUNCTION = YES;
				GCC_WARN_UNUSED_VARIABLE = YES;
				IPHONEOS_DEPLOYMENT_TARGET = 12.1;
				MTL_ENABLE_DEBUG_INFO = NO;
				MTL_FAST_MATH = YES;
				SDKROOT = iphoneos;
				SWIFT_COMPILATION_MODE = wholemodule;
				SWIFT_OPTIMIZATION_LEVEL = "-O";
				VALIDATE_PRODUCT = YES;
			};
			name = Release;
		};
		9FD16B3F22497EED003B62FA /* Debug */ = {
			isa = XCBuildConfiguration;
			buildSettings = {
				ASSETCATALOG_COMPILER_APPICON_NAME = AppIcon;
				CODE_SIGN_STYLE = Automatic;
				DEVELOPMENT_TEAM = VJX49W78A4;
				INFOPLIST_FILE = JenkinsTest1/Info.plist;
				LD_RUNPATH_SEARCH_PATHS = (
					"$(inherited)",
					"@executable_path/Frameworks",
				);
				PRODUCT_BUNDLE_IDENTIFIER = com.localbox.com.JenkinsTest1;
				PRODUCT_NAME = "$(TARGET_NAME)";
				SWIFT_VERSION = 4.2;
				TARGETED_DEVICE_FAMILY = "1,2";
			};
			name = Debug;
		};
		9FD16B4022497EED003B62FA /* Release */ = {
			isa = XCBuildConfiguration;
			buildSettings = {
				ASSETCATALOG_COMPILER_APPICON_NAME = AppIcon;
				CODE_SIGN_STYLE = Automatic;
				DEVELOPMENT_TEAM = VJX49W78A4;
				INFOPLIST_FILE = JenkinsTest1/Info.plist;
				LD_RUNPATH_SEARCH_PATHS = (
					"$(inherited)",
					"@executable_path/Frameworks",
				);
				PRODUCT_BUNDLE_IDENTIFIER = com.localbox.com.JenkinsTest1;
				PRODUCT_NAME = "$(TARGET_NAME)";
				SWIFT_VERSION = 4.2;
				TARGETED_DEVICE_FAMILY = "1,2";
			};
			name = Release;
		};
		9FD16B4222497EED003B62FA /* Debug */ = {
			isa = XCBuildConfiguration;
			buildSettings = {
				ALWAYS_EMBED_SWIFT_STANDARD_LIBRARIES = YES;
				BUNDLE_LOADER = "$(TEST_HOST)";
				CODE_SIGN_STYLE = Automatic;
				DEVELOPMENT_TEAM = VJX49W78A4;
				INFOPLIST_FILE = JenkinsTest1Tests/Info.plist;
				LD_RUNPATH_SEARCH_PATHS = (
					"$(inherited)",
					"@executable_path/Frameworks",
					"@loader_path/Frameworks",
				);
				PRODUCT_BUNDLE_IDENTIFIER = com.localbox.com.JenkinsTest1Tests;
				PRODUCT_NAME = "$(TARGET_NAME)";
				SWIFT_VERSION = 4.2;
				TARGETED_DEVICE_FAMILY = "1,2";
				TEST_HOST = "$(BUILT_PRODUCTS_DIR)/JenkinsTest1.app/JenkinsTest1";
			};
			name = Debug;
		};
		9FD16B4322497EED003B62FA /* Release */ = {
			isa = XCBuildConfiguration;
			buildSettings = {
				ALWAYS_EMBED_SWIFT_STANDARD_LIBRARIES = YES;
				BUNDLE_LOADER = "$(TEST_HOST)";
				CODE_SIGN_STYLE = Automatic;
				DEVELOPMENT_TEAM = VJX49W78A4;
				INFOPLIST_FILE = JenkinsTest1Tests/Info.plist;
				LD_RUNPATH_SEARCH_PATHS = (
					"$(inherited)",
					"@executable_path/Frameworks",
					"@loader_path/Frameworks",
				);
				PRODUCT_BUNDLE_IDENTIFIER = com.localbox.com.JenkinsTest1Tests;
				PRODUCT_NAME = "$(TARGET_NAME)";
				SWIFT_VERSION = 4.2;
				TARGETED_DEVICE_FAMILY = "1,2";
				TEST_HOST = "$(BUILT_PRODUCTS_DIR)/JenkinsTest1.app/JenkinsTest1";
			};
			name = Release;
		};
		9FD16B4522497EED003B62FA /* Debug */ = {
			isa = XCBuildConfiguration;
			buildSettings = {
				ALWAYS_EMBED_SWIFT_STANDARD_LIBRARIES = YES;
				CODE_SIGN_STYLE = Automatic;
				DEVELOPMENT_TEAM = VJX49W78A4;
				INFOPLIST_FILE = JenkinsTest1UITests/Info.plist;
				LD_RUNPATH_SEARCH_PATHS = (
					"$(inherited)",
					"@executable_path/Frameworks",
					"@loader_path/Frameworks",
				);
				PRODUCT_BUNDLE_IDENTIFIER = com.localbox.com.JenkinsTest1UITests;
				PRODUCT_NAME = "$(TARGET_NAME)";
				SWIFT_VERSION = 4.2;
				TARGETED_DEVICE_FAMILY = "1,2";
				TEST_TARGET_NAME = JenkinsTest1;
			};
			name = Debug;
		};
		9FD16B4622497EED003B62FA /* Release */ = {
			isa = XCBuildConfiguration;
			buildSettings = {
				ALWAYS_EMBED_SWIFT_STANDARD_LIBRARIES = YES;
				CODE_SIGN_STYLE = Automatic;
				DEVELOPMENT_TEAM = VJX49W78A4;
				INFOPLIST_FILE = JenkinsTest1UITests/Info.plist;
				LD_RUNPATH_SEARCH_PATHS = (
					"$(inherited)",
					"@executable_path/Frameworks",
					"@loader_path/Frameworks",
				);
				PRODUCT_BUNDLE_IDENTIFIER = com.localbox.com.JenkinsTest1UITests;
				PRODUCT_NAME = "$(TARGET_NAME)";
				SWIFT_VERSION = 4.2;
				TARGETED_DEVICE_FAMILY = "1,2";
				TEST_TARGET_NAME = JenkinsTest1;
			};
			name = Release;
		};
/* End XCBuildConfiguration section */

/* Begin XCConfigurationList section */
		9FD16B1122497EEB003B62FA /* Build configuration list for PBXProject "JenkinsTest1" */ = {
			isa = XCConfigurationList;
			buildConfigurations = (
				9FD16B3C22497EED003B62FA /* Debug */,
				9FD16B3D22497EED003B62FA /* Release */,
			);
			defaultConfigurationIsVisible = 0;
			defaultConfigurationName = Release;
		};
		9FD16B3E22497EED003B62FA /* Build configuration list for PBXNativeTarget "JenkinsTest1" */ = {
			isa = XCConfigurationList;
			buildConfigurations = (
				9FD16B3F22497EED003B62FA /* Debug */,
				9FD16B4022497EED003B62FA /* Release */,
			);
			defaultConfigurationIsVisible = 0;
			defaultConfigurationName = Release;
		};
		9FD16B4122497EED003B62FA /* Build configuration list for PBXNativeTarget "JenkinsTest1Tests" */ = {
			isa = XCConfigurationList;
			buildConfigurations = (
				9FD16B4222497EED003B62FA /* Debug */,
				9FD16B4322497EED003B62FA /* Release */,
			);
			defaultConfigurationIsVisible = 0;
			defaultConfigurationName = Release;
		};
		9FD16B4422497EED003B62FA /* Build configuration list for PBXNativeTarget "JenkinsTest1UITests" */ = {
			isa = XCConfigurationList;
			buildConfigurations = (
				9FD16B4522497EED003B62FA /* Debug */,
				9FD16B4622497EED003B62FA /* Release */,
			);
			defaultConfigurationIsVisible = 0;
			defaultConfigurationName = Release;
		};
/* End XCConfigurationList section */
	};
	rootObject = 9FD16B0E22497EEB003B62FA /* Project object */;
}
